
Microsoft Visual Studio Solution File, Format Version 12.00
# Visual Studio 15
VisualStudioVersion = 15.0.27004.2002
MinimumVisualStudioVersion = 10.0.40219.1
Project("{FAE04EC0-301F-11D3-BF4B-00C04F79EFBC}") = "MultiplyNumberLoop", "MultiplyNumberLoop\MultiplyNumberLoop.csproj", "{A45035E0-A6B4-4604-A2B5-E802F4CA87AD}"
EndProject
Global
	GlobalSection(SolutionConfigurationPlatforms) = preSolution
		Debug|Any CPU = Debug|Any CPU
		Release|Any CPU = Release|Any CPU
	EndGlobalSection
	GlobalSection(ProjectConfigurationPlatforms) = postSolution
		{A45035E0-A6B4-4604-A2B5-E802F4CA87AD}.Debug|Any CPU.ActiveCfg = Debug|Any CPU
		{A45035E0-A6B4-4604-A2B5-E802F4CA87AD}.Debug|Any CPU.Build.0 = Debug|Any CPU
		{A45035E0-A6B4-4604-A2B5-E802F4CA87AD}.Release|Any CPU.ActiveCfg = Release|Any CPU
		{A45035E0-A6B4-4604-A2B5-E802F4CA87AD}.Release|Any CPU.Build.0 = Release|Any CPU
	EndGlobalSection
	GlobalSection(SolutionProperties) = preSolution
		HideSolutionNode = FALSE
	EndGlobalSection
	GlobalSection(ExtensibilityGlobals) = postSolution
		SolutionGuid = {9BB13E2F-8701-4517-B32C-17A6308D4EF0}
	EndGlobalSection
EndGlobal
